
Microsoft Visual Studio Solution File, Format Version 12.00
# Visual Studio Version 17
VisualStudioVersion = 17.3.32819.101
MinimumVisualStudioVersion = 10.0.40219.1
Project("{FAE04EC0-301F-11D3-BF4B-00C04F79EFBC}") = "CustomException", "CustomException.csproj", "{63A098EB-A9BB-469E-B2DF-0CDDCB4348EC}"
EndProject
Global
	GlobalSection(SolutionConfigurationPlatforms) = preSolution
		Debug|Any CPU = Debug|Any CPU
		Release|Any CPU = Release|Any CPU
	EndGlobalSection
	GlobalSection(ProjectConfigurationPlatforms) = postSolution
		{63A098EB-A9BB-469E-B2DF-0CDDCB4348EC}.Debug|Any CPU.ActiveCfg = Debug|Any CPU
		{63A098EB-A9BB-469E-B2DF-0CDDCB4348EC}.Debug|Any CPU.Build.0 = Debug|Any CPU
		{63A098EB-A9BB-469E-B2DF-0CDDCB4348EC}.Release|Any CPU.ActiveCfg = Release|Any CPU
		{63A098EB-A9BB-469E-B2DF-0CDDCB4348EC}.Release|Any CPU.Build.0 = Release|Any CPU
	EndGlobalSection
	GlobalSection(SolutionProperties) = preSolution
		HideSolutionNode = FALSE
	EndGlobalSection
	GlobalSection(ExtensibilityGlobals) = postSolution
		SolutionGuid = {10618D14-5C1E-4DD7-9568-F14871097287}
	EndGlobalSection
EndGlobal
