
Microsoft Visual Studio Solution File, Format Version 12.00
# Visual Studio Version 17
VisualStudioVersion = 17.3.32819.101
MinimumVisualStudioVersion = 10.0.40219.1
Project("{FAE04EC0-301F-11D3-BF4B-00C04F79EFBC}") = "AlgorithmProblems", "AlgorithmProblems.csproj", "{855B0444-FAE9-4583-86B6-D4EBF8B368CB}"
EndProject
Global
	GlobalSection(SolutionConfigurationPlatforms) = preSolution
		Debug|Any CPU = Debug|Any CPU
		Release|Any CPU = Release|Any CPU
	EndGlobalSection
	GlobalSection(ProjectConfigurationPlatforms) = postSolution
		{855B0444-FAE9-4583-86B6-D4EBF8B368CB}.Debug|Any CPU.ActiveCfg = Debug|Any CPU
		{855B0444-FAE9-4583-86B6-D4EBF8B368CB}.Debug|Any CPU.Build.0 = Debug|Any CPU
		{855B0444-FAE9-4583-86B6-D4EBF8B368CB}.Release|Any CPU.ActiveCfg = Release|Any CPU
		{855B0444-FAE9-4583-86B6-D4EBF8B368CB}.Release|Any CPU.Build.0 = Release|Any CPU
	EndGlobalSection
	GlobalSection(SolutionProperties) = preSolution
		HideSolutionNode = FALSE
	EndGlobalSection
	GlobalSection(ExtensibilityGlobals) = postSolution
		SolutionGuid = {7F0AF87A-2E91-4D8F-AC0C-5642945592B5}
	EndGlobalSection
EndGlobal
