
Microsoft Visual Studio Solution File, Format Version 12.00
# Visual Studio Version 17
VisualStudioVersion = 17.3.32819.101
MinimumVisualStudioVersion = 10.0.40219.1
Project("{FAE04EC0-301F-11D3-BF4B-00C04F79EFBC}") = "MSTestingDemo", "MSTestingDemo.csproj", "{60340612-D84E-4B53-A3FF-854DD424E6C0}"
EndProject
Project("{FAE04EC0-301F-11D3-BF4B-00C04F79EFBC}") = "TestDemo", "..\TestDemo\TestDemo.csproj", "{08CEB40F-BA85-4328-A2EF-E0B0A5F6D7E5}"
EndProject
Global
	GlobalSection(SolutionConfigurationPlatforms) = preSolution
		Debug|Any CPU = Debug|Any CPU
		Release|Any CPU = Release|Any CPU
	EndGlobalSection
	GlobalSection(ProjectConfigurationPlatforms) = postSolution
		{60340612-D84E-4B53-A3FF-854DD424E6C0}.Debug|Any CPU.ActiveCfg = Debug|Any CPU
		{60340612-D84E-4B53-A3FF-854DD424E6C0}.Debug|Any CPU.Build.0 = Debug|Any CPU
		{60340612-D84E-4B53-A3FF-854DD424E6C0}.Release|Any CPU.ActiveCfg = Release|Any CPU
		{60340612-D84E-4B53-A3FF-854DD424E6C0}.Release|Any CPU.Build.0 = Release|Any CPU
		{08CEB40F-BA85-4328-A2EF-E0B0A5F6D7E5}.Debug|Any CPU.ActiveCfg = Debug|Any CPU
		{08CEB40F-BA85-4328-A2EF-E0B0A5F6D7E5}.Debug|Any CPU.Build.0 = Debug|Any CPU
		{08CEB40F-BA85-4328-A2EF-E0B0A5F6D7E5}.Release|Any CPU.ActiveCfg = Release|Any CPU
		{08CEB40F-BA85-4328-A2EF-E0B0A5F6D7E5}.Release|Any CPU.Build.0 = Release|Any CPU
	EndGlobalSection
	GlobalSection(SolutionProperties) = preSolution
		HideSolutionNode = FALSE
	EndGlobalSection
	GlobalSection(ExtensibilityGlobals) = postSolution
		SolutionGuid = {DC14EC37-D41B-41A4-87A9-59849C16F7AD}
	EndGlobalSection
EndGlobal
