
Microsoft Visual Studio Solution File, Format Version 12.00
# Visual Studio Version 17
VisualStudioVersion = 17.2.32616.157
MinimumVisualStudioVersion = 10.0.40219.1
Project("{FAE04EC0-301F-11D3-BF4B-00C04F79EFBC}") = "DataTypesEx", "DataTypesEx.csproj", "{DBE3321A-2DA4-4FAD-A9B6-496DAF5667AE}"
EndProject
Global
	GlobalSection(SolutionConfigurationPlatforms) = preSolution
		Debug|Any CPU = Debug|Any CPU
		Release|Any CPU = Release|Any CPU
	EndGlobalSection
	GlobalSection(ProjectConfigurationPlatforms) = postSolution
		{DBE3321A-2DA4-4FAD-A9B6-496DAF5667AE}.Debug|Any CPU.ActiveCfg = Debug|Any CPU
		{DBE3321A-2DA4-4FAD-A9B6-496DAF5667AE}.Debug|Any CPU.Build.0 = Debug|Any CPU
		{DBE3321A-2DA4-4FAD-A9B6-496DAF5667AE}.Release|Any CPU.ActiveCfg = Release|Any CPU
		{DBE3321A-2DA4-4FAD-A9B6-496DAF5667AE}.Release|Any CPU.Build.0 = Release|Any CPU
	EndGlobalSection
	GlobalSection(SolutionProperties) = preSolution
		HideSolutionNode = FALSE
	EndGlobalSection
	GlobalSection(ExtensibilityGlobals) = postSolution
		SolutionGuid = {B0CFA0C0-0AD3-424F-B82B-CF5FB61079E5}
	EndGlobalSection
EndGlobal
