
Microsoft Visual Studio Solution File, Format Version 12.00
# Visual Studio Version 17
VisualStudioVersion = 17.3.32819.101
MinimumVisualStudioVersion = 10.0.40219.1
Project("{FAE04EC0-301F-11D3-BF4B-00C04F79EFBC}") = "BinarySearchTree", "BinarySearchTree.csproj", "{A2ACF2E7-51CD-41BA-B77C-221E2701581E}"
EndProject
Global
	GlobalSection(SolutionConfigurationPlatforms) = preSolution
		Debug|Any CPU = Debug|Any CPU
		Release|Any CPU = Release|Any CPU
	EndGlobalSection
	GlobalSection(ProjectConfigurationPlatforms) = postSolution
		{A2ACF2E7-51CD-41BA-B77C-221E2701581E}.Debug|Any CPU.ActiveCfg = Debug|Any CPU
		{A2ACF2E7-51CD-41BA-B77C-221E2701581E}.Debug|Any CPU.Build.0 = Debug|Any CPU
		{A2ACF2E7-51CD-41BA-B77C-221E2701581E}.Release|Any CPU.ActiveCfg = Release|Any CPU
		{A2ACF2E7-51CD-41BA-B77C-221E2701581E}.Release|Any CPU.Build.0 = Release|Any CPU
	EndGlobalSection
	GlobalSection(SolutionProperties) = preSolution
		HideSolutionNode = FALSE
	EndGlobalSection
	GlobalSection(ExtensibilityGlobals) = postSolution
		SolutionGuid = {51088C85-E0C2-4E6E-8BED-FD95E73412A2}
	EndGlobalSection
EndGlobal
