
Microsoft Visual Studio Solution File, Format Version 12.00
# Visual Studio Version 17
VisualStudioVersion = 17.3.32819.101
MinimumVisualStudioVersion = 10.0.40219.1
Project("{FAE04EC0-301F-11D3-BF4B-00C04F79EFBC}") = "EmployeeManagement", "EmployeeManagement.csproj", "{A993E61A-C102-4C6A-885E-6583B38A1576}"
EndProject
Project("{FAE04EC0-301F-11D3-BF4B-00C04F79EFBC}") = "EmployeeManagementTest", "..\EmployeeManagementTest\EmployeeManagementTest.csproj", "{92FEFC4A-5310-4392-80C5-7B47D04A4AAE}"
EndProject
Global
	GlobalSection(SolutionConfigurationPlatforms) = preSolution
		Debug|Any CPU = Debug|Any CPU
		Release|Any CPU = Release|Any CPU
	EndGlobalSection
	GlobalSection(ProjectConfigurationPlatforms) = postSolution
		{A993E61A-C102-4C6A-885E-6583B38A1576}.Debug|Any CPU.ActiveCfg = Debug|Any CPU
		{A993E61A-C102-4C6A-885E-6583B38A1576}.Debug|Any CPU.Build.0 = Debug|Any CPU
		{A993E61A-C102-4C6A-885E-6583B38A1576}.Release|Any CPU.ActiveCfg = Release|Any CPU
		{A993E61A-C102-4C6A-885E-6583B38A1576}.Release|Any CPU.Build.0 = Release|Any CPU
		{92FEFC4A-5310-4392-80C5-7B47D04A4AAE}.Debug|Any CPU.ActiveCfg = Debug|Any CPU
		{92FEFC4A-5310-4392-80C5-7B47D04A4AAE}.Debug|Any CPU.Build.0 = Debug|Any CPU
		{92FEFC4A-5310-4392-80C5-7B47D04A4AAE}.Release|Any CPU.ActiveCfg = Release|Any CPU
		{92FEFC4A-5310-4392-80C5-7B47D04A4AAE}.Release|Any CPU.Build.0 = Release|Any CPU
	EndGlobalSection
	GlobalSection(SolutionProperties) = preSolution
		HideSolutionNode = FALSE
	EndGlobalSection
	GlobalSection(ExtensibilityGlobals) = postSolution
		SolutionGuid = {553EFCD9-7819-474A-B02E-F7A9C38964E2}
	EndGlobalSection
EndGlobal
