
Microsoft Visual Studio Solution File, Format Version 12.00
# Visual Studio Version 17
VisualStudioVersion = 17.3.32819.101
MinimumVisualStudioVersion = 10.0.40219.1
Project("{FAE04EC0-301F-11D3-BF4B-00C04F79EFBC}") = "GarbageCollectionDemo", "GarbageCollectionDemo.csproj", "{20CE002C-034E-4CF5-8895-28061DBD94BC}"
EndProject
Global
	GlobalSection(SolutionConfigurationPlatforms) = preSolution
		Debug|Any CPU = Debug|Any CPU
		Release|Any CPU = Release|Any CPU
	EndGlobalSection
	GlobalSection(ProjectConfigurationPlatforms) = postSolution
		{20CE002C-034E-4CF5-8895-28061DBD94BC}.Debug|Any CPU.ActiveCfg = Debug|Any CPU
		{20CE002C-034E-4CF5-8895-28061DBD94BC}.Debug|Any CPU.Build.0 = Debug|Any CPU
		{20CE002C-034E-4CF5-8895-28061DBD94BC}.Release|Any CPU.ActiveCfg = Release|Any CPU
		{20CE002C-034E-4CF5-8895-28061DBD94BC}.Release|Any CPU.Build.0 = Release|Any CPU
	EndGlobalSection
	GlobalSection(SolutionProperties) = preSolution
		HideSolutionNode = FALSE
	EndGlobalSection
	GlobalSection(ExtensibilityGlobals) = postSolution
		SolutionGuid = {96F0BC8E-C623-448D-8AD5-C3A7CAA6D072}
	EndGlobalSection
EndGlobal
